
Microsoft Visual Studio Solution File, Format Version 12.00
# Visual Studio Version 17
VisualStudioVersion = 17.9.34714.143
MinimumVisualStudioVersion = 10.0.40219.1
Project("{2150E333-8FDC-42A3-9474-1A3956D46DE8}") = "Solution Items", "Solution Items", "{7271C210-EB3B-469C-9475-F05FB7280F95}"
	ProjectSection(SolutionItems) = preProject
		.codecov.yml = .codecov.yml
		.editorconfig = .editorconfig
		.gitignore = .gitignore
		.props = .props
		CODE_OF_CONDUCT.md = CODE_OF_CONDUCT.md
		CONTRIBUTING.md = CONTRIBUTING.md
		LICENSE = LICENSE
		nuget.config = nuget.config
		README.md = README.md
		SECURITY.md = SECURITY.md
		StyleCop.json = StyleCop.json
		SUPPORT.md = SUPPORT.md
	EndProjectSection
EndProject
Project("{2150E333-8FDC-42A3-9474-1A3956D46DE8}") = "src", "src", "{5CD628AE-70FF-43A3-B93C-970B10A0E453}"
	ProjectSection(SolutionItems) = preProject
		src\.props = src\.props
	EndProjectSection
EndProject
Project("{9A19103F-16F7-4668-BE54-9A1E7A4F7556}") = "OnionSeed", "src\OnionSeed\OnionSeed.csproj", "{A39AED77-82DC-40D9-82DC-A5F84FB6BF34}"
EndProject
Project("{2150E333-8FDC-42A3-9474-1A3956D46DE8}") = "test", "test", "{7CE5AA7A-E44B-4790-B310-EB1F2B446179}"
	ProjectSection(SolutionItems) = preProject
		test\.editorconfig = test\.editorconfig
		test\.props = test\.props
	EndProjectSection
EndProject
Project("{9A19103F-16F7-4668-BE54-9A1E7A4F7556}") = "OnionSeed.UnitTests", "test\OnionSeed.UnitTests\OnionSeed.UnitTests.csproj", "{4B4E322E-ABF1-4798-B2F3-5B75BF67FA64}"
EndProject
Global
	GlobalSection(SolutionConfigurationPlatforms) = preSolution
		Debug|Any CPU = Debug|Any CPU
		Release|Any CPU = Release|Any CPU
	EndGlobalSection
	GlobalSection(ProjectConfigurationPlatforms) = postSolution
		{A39AED77-82DC-40D9-82DC-A5F84FB6BF34}.Debug|Any CPU.ActiveCfg = Debug|Any CPU
		{A39AED77-82DC-40D9-82DC-A5F84FB6BF34}.Debug|Any CPU.Build.0 = Debug|Any CPU
		{A39AED77-82DC-40D9-82DC-A5F84FB6BF34}.Release|Any CPU.ActiveCfg = Release|Any CPU
		{A39AED77-82DC-40D9-82DC-A5F84FB6BF34}.Release|Any CPU.Build.0 = Release|Any CPU
		{4B4E322E-ABF1-4798-B2F3-5B75BF67FA64}.Debug|Any CPU.ActiveCfg = Debug|Any CPU
		{4B4E322E-ABF1-4798-B2F3-5B75BF67FA64}.Debug|Any CPU.Build.0 = Debug|Any CPU
		{4B4E322E-ABF1-4798-B2F3-5B75BF67FA64}.Release|Any CPU.ActiveCfg = Release|Any CPU
		{4B4E322E-ABF1-4798-B2F3-5B75BF67FA64}.Release|Any CPU.Build.0 = Release|Any CPU
	EndGlobalSection
	GlobalSection(SolutionProperties) = preSolution
		HideSolutionNode = FALSE
	EndGlobalSection
	GlobalSection(NestedProjects) = preSolution
		{A39AED77-82DC-40D9-82DC-A5F84FB6BF34} = {5CD628AE-70FF-43A3-B93C-970B10A0E453}
		{4B4E322E-ABF1-4798-B2F3-5B75BF67FA64} = {7CE5AA7A-E44B-4790-B310-EB1F2B446179}
	EndGlobalSection
	GlobalSection(ExtensibilityGlobals) = postSolution
		SolutionGuid = {A32DEF8E-AE81-4624-8710-AAC822A86D3D}
	EndGlobalSection
EndGlobal
