{
  "version": 1,
  "dependencies": {
    ".NETStandard,Version=v2.0": {
      "FluentDateTime": {
        "type": "Direct",
        "requested": "[3.0.0, )",
        "resolved": "3.0.0",
        "contentHash": "yOUioxcYbnOR1IX69Glmzdf3+gyPpXX53rii99MgY+VNJdUB71EiXeI7pm4vV/kNoQVSvvEJ3o4OHdNjvb0EFg=="
      },
      "Meziantou.Analyzer": {
        "type": "Direct",
        "requested": "[1.0.*, )",
        "resolved": "1.0.758",
        "contentHash": "Cq+TwSCPewbY7/e/EJlX4UnzgEMzXxxJCb6b5GFALwxTlaFz+f7SWSovPYPkb4E7/uVP9hrffqvinZTUdzMVzg=="
      },
      "Microsoft.Bcl.HashCode": {
        "type": "Direct",
        "requested": "[1.1.*, )",
        "resolved": "1.1.1",
        "contentHash": "MalY0Y/uM/LjXtHfX/26l2VtN4LDNZ2OE3aumNOHDLsT4fNYy2hiHXI4CXCqKpNUNm7iJ2brrc4J89UdaL56FA=="
      },
      "Microsoft.CodeAnalysis.NetAnalyzers": {
        "type": "Direct",
        "requested": "[5.0.*, )",
        "resolved": "5.0.3",
        "contentHash": "7rw0JUPSAVGR0HPekQiQvwGPor44p/Ek21+wZABraG4bVYNrSkx98ZZsxSxG5jJ4oqjACJxea8E62UO0dsKDBw=="
      },
      "Microsoft.SourceLink.GitHub": {
        "type": "Direct",
        "requested": "[1.1.*, )",
        "resolved": "1.1.1",
        "contentHash": "IaJGnOv/M7UQjRJks7B6p7pbPnOwisYGOIzqCz5ilGFTApZ3ktOR+6zJ12ZRPInulBmdAf1SrGdDG2MU8g6XTw==",
        "dependencies": {
          "Microsoft.Build.Tasks.Git": "1.1.1",
          "Microsoft.SourceLink.Common": "1.1.1"
        }
      },
      "NETStandard.Library": {
        "type": "Direct",
        "requested": "[2.0.3, )",
        "resolved": "2.0.3",
        "contentHash": "st47PosZSHrjECdjeIzZQbzivYBJFv6P2nv4cj2ypdI204DO+vZ7l5raGMiX4eXMJ53RfOIg+/s4DHVZ54Nu2A==",
        "dependencies": {
          "Microsoft.NETCore.Platforms": "1.1.0"
        }
      },
      "PolySharp": {
        "type": "Direct",
        "requested": "[1.13.*, )",
        "resolved": "1.13.2",
        "contentHash": "XwNhfkr7IeUiH8AE4pzob8YioxfL6nxgAx+fHEeWCObY/NZuBMfWLh39FznXbneKvagiqeeI7quIvZ6P1eVaEA=="
      },
      "StyleCop.Analyzers": {
        "type": "Direct",
        "requested": "[1.2.*-*, )",
        "resolved": "1.2.0-beta.556",
        "contentHash": "llRPgmA1fhC0I0QyFLEcjvtM2239QzKr/tcnbsjArLMJxJlu0AA5G7Fft0OI30pHF3MW63Gf4aSSsjc5m82J1Q==",
        "dependencies": {
          "StyleCop.Analyzers.Unstable": "1.2.0.556"
        }
      },
      "Microsoft.Bcl.AsyncInterfaces": {
        "type": "Transitive",
        "resolved": "6.0.0",
        "contentHash": "UcSjPsst+DfAdJGVDsu346FX0ci0ah+lw3WRtn18NUwEqRt70HaOQ7lI72vy3+1LxtqI3T5GWwV39rQSrCzAeg==",
        "dependencies": {
          "System.Threading.Tasks.Extensions": "4.5.4"
        }
      },
      "Microsoft.Build.Tasks.Git": {
        "type": "Transitive",
        "resolved": "1.1.1",
        "contentHash": "AT3HlgTjsqHnWpBHSNeR0KxbLZD7bztlZVj7I8vgeYG9SYqbeFGh0TM/KVtC6fg53nrWHl3VfZFvb5BiQFcY6Q=="
      },
      "Microsoft.NETCore.Platforms": {
        "type": "Transitive",
        "resolved": "1.1.0",
        "contentHash": "kz0PEW2lhqygehI/d6XsPCQzD7ff7gUJaVGPVETX611eadGsA3A877GdSlU0LRVMCTH/+P3o2iDTak+S08V2+A=="
      },
      "Microsoft.SourceLink.Common": {
        "type": "Transitive",
        "resolved": "1.1.1",
        "contentHash": "WMcGpWKrmJmzrNeuaEb23bEMnbtR/vLmvZtkAP5qWu7vQsY59GqfRJd65sFpBszbd2k/bQ8cs8eWawQKAabkVg=="
      },
      "morelinq": {
        "type": "Transitive",
        "resolved": "3.4.2",
        "contentHash": "nKdpt7Ai+xQO8PZ0YFTn13INGJcKO0Nx65kO/ut0zaDirRo6d7atedmW2l68YB3x7U4pOqTLdMfYsBys8KxA1Q=="
      },
      "StyleCop.Analyzers.Unstable": {
        "type": "Transitive",
        "resolved": "1.2.0.556",
        "contentHash": "zvn9Mqs/ox/83cpYPignI8hJEM2A93s2HkHs8HYMOAQW0PkampyoErAiIyKxgTLqbbad29HX/shv/6LGSjPJNQ=="
      },
      "System.Linq.Async": {
        "type": "Transitive",
        "resolved": "6.0.1",
        "contentHash": "0YhHcaroWpQ9UCot3Pizah7ryAzQhNvobLMSxeDIGmnXfkQn8u5owvpOH0K6EVB+z9L7u6Cc4W17Br/+jyttEQ==",
        "dependencies": {
          "Microsoft.Bcl.AsyncInterfaces": "6.0.0"
        }
      },
      "System.Runtime.CompilerServices.Unsafe": {
        "type": "Transitive",
        "resolved": "4.5.3",
        "contentHash": "3TIsJhD1EiiT0w2CcDMN/iSSwnNnsrnbzeVHSKkaEgV85txMprmuO+Yq2AdSbeVGcg28pdNDTPK87tJhX7VFHw=="
      },
      "System.Threading.Tasks.Extensions": {
        "type": "Transitive",
        "resolved": "4.5.4",
        "contentHash": "zteT+G8xuGu6mS+mzDzYXbzS7rd3K6Fjb9RiZlYlJPam2/hU7JCBZBVEcywNuR+oZ1ncTvc/cq0faRr3P01OVg==",
        "dependencies": {
          "System.Runtime.CompilerServices.Unsafe": "4.5.3"
        }
      },
      "OnionSeed.Utilities": {
        "type": "Project",
        "dependencies": {
          "Microsoft.Bcl.HashCode": "[1.1.*, )",
          "System.Linq.Async": "[6.0.1, )",
          "morelinq": "[3.4.2, )"
        }
      }
    },
    ".NETStandard,Version=v2.1": {
      "FluentDateTime": {
        "type": "Direct",
        "requested": "[3.0.0, )",
        "resolved": "3.0.0",
        "contentHash": "yOUioxcYbnOR1IX69Glmzdf3+gyPpXX53rii99MgY+VNJdUB71EiXeI7pm4vV/kNoQVSvvEJ3o4OHdNjvb0EFg=="
      },
      "Meziantou.Analyzer": {
        "type": "Direct",
        "requested": "[1.0.*, )",
        "resolved": "1.0.758",
        "contentHash": "Cq+TwSCPewbY7/e/EJlX4UnzgEMzXxxJCb6b5GFALwxTlaFz+f7SWSovPYPkb4E7/uVP9hrffqvinZTUdzMVzg=="
      },
      "Microsoft.CodeAnalysis.NetAnalyzers": {
        "type": "Direct",
        "requested": "[5.0.*, )",
        "resolved": "5.0.3",
        "contentHash": "7rw0JUPSAVGR0HPekQiQvwGPor44p/Ek21+wZABraG4bVYNrSkx98ZZsxSxG5jJ4oqjACJxea8E62UO0dsKDBw=="
      },
      "Microsoft.SourceLink.GitHub": {
        "type": "Direct",
        "requested": "[1.1.*, )",
        "resolved": "1.1.1",
        "contentHash": "IaJGnOv/M7UQjRJks7B6p7pbPnOwisYGOIzqCz5ilGFTApZ3ktOR+6zJ12ZRPInulBmdAf1SrGdDG2MU8g6XTw==",
        "dependencies": {
          "Microsoft.Build.Tasks.Git": "1.1.1",
          "Microsoft.SourceLink.Common": "1.1.1"
        }
      },
      "PolySharp": {
        "type": "Direct",
        "requested": "[1.13.*, )",
        "resolved": "1.13.2",
        "contentHash": "XwNhfkr7IeUiH8AE4pzob8YioxfL6nxgAx+fHEeWCObY/NZuBMfWLh39FznXbneKvagiqeeI7quIvZ6P1eVaEA=="
      },
      "StyleCop.Analyzers": {
        "type": "Direct",
        "requested": "[1.2.*-*, )",
        "resolved": "1.2.0-beta.556",
        "contentHash": "llRPgmA1fhC0I0QyFLEcjvtM2239QzKr/tcnbsjArLMJxJlu0AA5G7Fft0OI30pHF3MW63Gf4aSSsjc5m82J1Q==",
        "dependencies": {
          "StyleCop.Analyzers.Unstable": "1.2.0.556"
        }
      },
      "Microsoft.Build.Tasks.Git": {
        "type": "Transitive",
        "resolved": "1.1.1",
        "contentHash": "AT3HlgTjsqHnWpBHSNeR0KxbLZD7bztlZVj7I8vgeYG9SYqbeFGh0TM/KVtC6fg53nrWHl3VfZFvb5BiQFcY6Q=="
      },
      "Microsoft.SourceLink.Common": {
        "type": "Transitive",
        "resolved": "1.1.1",
        "contentHash": "WMcGpWKrmJmzrNeuaEb23bEMnbtR/vLmvZtkAP5qWu7vQsY59GqfRJd65sFpBszbd2k/bQ8cs8eWawQKAabkVg=="
      },
      "morelinq": {
        "type": "Transitive",
        "resolved": "3.4.2",
        "contentHash": "nKdpt7Ai+xQO8PZ0YFTn13INGJcKO0Nx65kO/ut0zaDirRo6d7atedmW2l68YB3x7U4pOqTLdMfYsBys8KxA1Q=="
      },
      "StyleCop.Analyzers.Unstable": {
        "type": "Transitive",
        "resolved": "1.2.0.556",
        "contentHash": "zvn9Mqs/ox/83cpYPignI8hJEM2A93s2HkHs8HYMOAQW0PkampyoErAiIyKxgTLqbbad29HX/shv/6LGSjPJNQ=="
      },
      "System.Linq.Async": {
        "type": "Transitive",
        "resolved": "6.0.1",
        "contentHash": "0YhHcaroWpQ9UCot3Pizah7ryAzQhNvobLMSxeDIGmnXfkQn8u5owvpOH0K6EVB+z9L7u6Cc4W17Br/+jyttEQ=="
      },
      "OnionSeed.Utilities": {
        "type": "Project",
        "dependencies": {
          "System.Linq.Async": "[6.0.1, )",
          "morelinq": "[3.4.2, )"
        }
      }
    },
    "net6.0": {
      "FluentDateTime": {
        "type": "Direct",
        "requested": "[3.0.0, )",
        "resolved": "3.0.0",
        "contentHash": "yOUioxcYbnOR1IX69Glmzdf3+gyPpXX53rii99MgY+VNJdUB71EiXeI7pm4vV/kNoQVSvvEJ3o4OHdNjvb0EFg=="
      },
      "Meziantou.Analyzer": {
        "type": "Direct",
        "requested": "[1.0.*, )",
        "resolved": "1.0.758",
        "contentHash": "Cq+TwSCPewbY7/e/EJlX4UnzgEMzXxxJCb6b5GFALwxTlaFz+f7SWSovPYPkb4E7/uVP9hrffqvinZTUdzMVzg=="
      },
      "Microsoft.CodeAnalysis.NetAnalyzers": {
        "type": "Direct",
        "requested": "[5.0.*, )",
        "resolved": "5.0.3",
        "contentHash": "7rw0JUPSAVGR0HPekQiQvwGPor44p/Ek21+wZABraG4bVYNrSkx98ZZsxSxG5jJ4oqjACJxea8E62UO0dsKDBw=="
      },
      "Microsoft.SourceLink.GitHub": {
        "type": "Direct",
        "requested": "[1.1.*, )",
        "resolved": "1.1.1",
        "contentHash": "IaJGnOv/M7UQjRJks7B6p7pbPnOwisYGOIzqCz5ilGFTApZ3ktOR+6zJ12ZRPInulBmdAf1SrGdDG2MU8g6XTw==",
        "dependencies": {
          "Microsoft.Build.Tasks.Git": "1.1.1",
          "Microsoft.SourceLink.Common": "1.1.1"
        }
      },
      "PolySharp": {
        "type": "Direct",
        "requested": "[1.13.*, )",
        "resolved": "1.13.2",
        "contentHash": "XwNhfkr7IeUiH8AE4pzob8YioxfL6nxgAx+fHEeWCObY/NZuBMfWLh39FznXbneKvagiqeeI7quIvZ6P1eVaEA=="
      },
      "StyleCop.Analyzers": {
        "type": "Direct",
        "requested": "[1.2.*-*, )",
        "resolved": "1.2.0-beta.556",
        "contentHash": "llRPgmA1fhC0I0QyFLEcjvtM2239QzKr/tcnbsjArLMJxJlu0AA5G7Fft0OI30pHF3MW63Gf4aSSsjc5m82J1Q==",
        "dependencies": {
          "StyleCop.Analyzers.Unstable": "1.2.0.556"
        }
      },
      "Microsoft.Bcl.AsyncInterfaces": {
        "type": "Transitive",
        "resolved": "6.0.0",
        "contentHash": "UcSjPsst+DfAdJGVDsu346FX0ci0ah+lw3WRtn18NUwEqRt70HaOQ7lI72vy3+1LxtqI3T5GWwV39rQSrCzAeg=="
      },
      "Microsoft.Build.Tasks.Git": {
        "type": "Transitive",
        "resolved": "1.1.1",
        "contentHash": "AT3HlgTjsqHnWpBHSNeR0KxbLZD7bztlZVj7I8vgeYG9SYqbeFGh0TM/KVtC6fg53nrWHl3VfZFvb5BiQFcY6Q=="
      },
      "Microsoft.SourceLink.Common": {
        "type": "Transitive",
        "resolved": "1.1.1",
        "contentHash": "WMcGpWKrmJmzrNeuaEb23bEMnbtR/vLmvZtkAP5qWu7vQsY59GqfRJd65sFpBszbd2k/bQ8cs8eWawQKAabkVg=="
      },
      "morelinq": {
        "type": "Transitive",
        "resolved": "3.4.2",
        "contentHash": "nKdpt7Ai+xQO8PZ0YFTn13INGJcKO0Nx65kO/ut0zaDirRo6d7atedmW2l68YB3x7U4pOqTLdMfYsBys8KxA1Q=="
      },
      "StyleCop.Analyzers.Unstable": {
        "type": "Transitive",
        "resolved": "1.2.0.556",
        "contentHash": "zvn9Mqs/ox/83cpYPignI8hJEM2A93s2HkHs8HYMOAQW0PkampyoErAiIyKxgTLqbbad29HX/shv/6LGSjPJNQ=="
      },
      "System.Linq.Async": {
        "type": "Transitive",
        "resolved": "6.0.1",
        "contentHash": "0YhHcaroWpQ9UCot3Pizah7ryAzQhNvobLMSxeDIGmnXfkQn8u5owvpOH0K6EVB+z9L7u6Cc4W17Br/+jyttEQ==",
        "dependencies": {
          "Microsoft.Bcl.AsyncInterfaces": "6.0.0"
        }
      },
      "OnionSeed.Utilities": {
        "type": "Project",
        "dependencies": {
          "System.Linq.Async": "[6.0.1, )",
          "morelinq": "[3.4.2, )"
        }
      }
    },
    "net7.0": {
      "FluentDateTime": {
        "type": "Direct",
        "requested": "[3.0.0, )",
        "resolved": "3.0.0",
        "contentHash": "yOUioxcYbnOR1IX69Glmzdf3+gyPpXX53rii99MgY+VNJdUB71EiXeI7pm4vV/kNoQVSvvEJ3o4OHdNjvb0EFg=="
      },
      "Meziantou.Analyzer": {
        "type": "Direct",
        "requested": "[1.0.*, )",
        "resolved": "1.0.758",
        "contentHash": "Cq+TwSCPewbY7/e/EJlX4UnzgEMzXxxJCb6b5GFALwxTlaFz+f7SWSovPYPkb4E7/uVP9hrffqvinZTUdzMVzg=="
      },
      "Microsoft.CodeAnalysis.NetAnalyzers": {
        "type": "Direct",
        "requested": "[5.0.*, )",
        "resolved": "5.0.3",
        "contentHash": "7rw0JUPSAVGR0HPekQiQvwGPor44p/Ek21+wZABraG4bVYNrSkx98ZZsxSxG5jJ4oqjACJxea8E62UO0dsKDBw=="
      },
      "Microsoft.SourceLink.GitHub": {
        "type": "Direct",
        "requested": "[1.1.*, )",
        "resolved": "1.1.1",
        "contentHash": "IaJGnOv/M7UQjRJks7B6p7pbPnOwisYGOIzqCz5ilGFTApZ3ktOR+6zJ12ZRPInulBmdAf1SrGdDG2MU8g6XTw==",
        "dependencies": {
          "Microsoft.Build.Tasks.Git": "1.1.1",
          "Microsoft.SourceLink.Common": "1.1.1"
        }
      },
      "PolySharp": {
        "type": "Direct",
        "requested": "[1.13.*, )",
        "resolved": "1.13.2",
        "contentHash": "XwNhfkr7IeUiH8AE4pzob8YioxfL6nxgAx+fHEeWCObY/NZuBMfWLh39FznXbneKvagiqeeI7quIvZ6P1eVaEA=="
      },
      "StyleCop.Analyzers": {
        "type": "Direct",
        "requested": "[1.2.*-*, )",
        "resolved": "1.2.0-beta.556",
        "contentHash": "llRPgmA1fhC0I0QyFLEcjvtM2239QzKr/tcnbsjArLMJxJlu0AA5G7Fft0OI30pHF3MW63Gf4aSSsjc5m82J1Q==",
        "dependencies": {
          "StyleCop.Analyzers.Unstable": "1.2.0.556"
        }
      },
      "Microsoft.Bcl.AsyncInterfaces": {
        "type": "Transitive",
        "resolved": "6.0.0",
        "contentHash": "UcSjPsst+DfAdJGVDsu346FX0ci0ah+lw3WRtn18NUwEqRt70HaOQ7lI72vy3+1LxtqI3T5GWwV39rQSrCzAeg=="
      },
      "Microsoft.Build.Tasks.Git": {
        "type": "Transitive",
        "resolved": "1.1.1",
        "contentHash": "AT3HlgTjsqHnWpBHSNeR0KxbLZD7bztlZVj7I8vgeYG9SYqbeFGh0TM/KVtC6fg53nrWHl3VfZFvb5BiQFcY6Q=="
      },
      "Microsoft.SourceLink.Common": {
        "type": "Transitive",
        "resolved": "1.1.1",
        "contentHash": "WMcGpWKrmJmzrNeuaEb23bEMnbtR/vLmvZtkAP5qWu7vQsY59GqfRJd65sFpBszbd2k/bQ8cs8eWawQKAabkVg=="
      },
      "morelinq": {
        "type": "Transitive",
        "resolved": "3.4.2",
        "contentHash": "nKdpt7Ai+xQO8PZ0YFTn13INGJcKO0Nx65kO/ut0zaDirRo6d7atedmW2l68YB3x7U4pOqTLdMfYsBys8KxA1Q=="
      },
      "StyleCop.Analyzers.Unstable": {
        "type": "Transitive",
        "resolved": "1.2.0.556",
        "contentHash": "zvn9Mqs/ox/83cpYPignI8hJEM2A93s2HkHs8HYMOAQW0PkampyoErAiIyKxgTLqbbad29HX/shv/6LGSjPJNQ=="
      },
      "System.Linq.Async": {
        "type": "Transitive",
        "resolved": "6.0.1",
        "contentHash": "0YhHcaroWpQ9UCot3Pizah7ryAzQhNvobLMSxeDIGmnXfkQn8u5owvpOH0K6EVB+z9L7u6Cc4W17Br/+jyttEQ==",
        "dependencies": {
          "Microsoft.Bcl.AsyncInterfaces": "6.0.0"
        }
      },
      "OnionSeed.Utilities": {
        "type": "Project",
        "dependencies": {
          "System.Linq.Async": "[6.0.1, )",
          "morelinq": "[3.4.2, )"
        }
      }
    },
    "net8.0": {
      "FluentDateTime": {
        "type": "Direct",
        "requested": "[3.0.0, )",
        "resolved": "3.0.0",
        "contentHash": "yOUioxcYbnOR1IX69Glmzdf3+gyPpXX53rii99MgY+VNJdUB71EiXeI7pm4vV/kNoQVSvvEJ3o4OHdNjvb0EFg=="
      },
      "Meziantou.Analyzer": {
        "type": "Direct",
        "requested": "[1.0.*, )",
        "resolved": "1.0.758",
        "contentHash": "Cq+TwSCPewbY7/e/EJlX4UnzgEMzXxxJCb6b5GFALwxTlaFz+f7SWSovPYPkb4E7/uVP9hrffqvinZTUdzMVzg=="
      },
      "Microsoft.CodeAnalysis.NetAnalyzers": {
        "type": "Direct",
        "requested": "[5.0.*, )",
        "resolved": "5.0.3",
        "contentHash": "7rw0JUPSAVGR0HPekQiQvwGPor44p/Ek21+wZABraG4bVYNrSkx98ZZsxSxG5jJ4oqjACJxea8E62UO0dsKDBw=="
      },
      "Microsoft.SourceLink.GitHub": {
        "type": "Direct",
        "requested": "[1.1.*, )",
        "resolved": "1.1.1",
        "contentHash": "IaJGnOv/M7UQjRJks7B6p7pbPnOwisYGOIzqCz5ilGFTApZ3ktOR+6zJ12ZRPInulBmdAf1SrGdDG2MU8g6XTw==",
        "dependencies": {
          "Microsoft.Build.Tasks.Git": "1.1.1",
          "Microsoft.SourceLink.Common": "1.1.1"
        }
      },
      "PolySharp": {
        "type": "Direct",
        "requested": "[1.13.*, )",
        "resolved": "1.13.2",
        "contentHash": "XwNhfkr7IeUiH8AE4pzob8YioxfL6nxgAx+fHEeWCObY/NZuBMfWLh39FznXbneKvagiqeeI7quIvZ6P1eVaEA=="
      },
      "StyleCop.Analyzers": {
        "type": "Direct",
        "requested": "[1.2.*-*, )",
        "resolved": "1.2.0-beta.556",
        "contentHash": "llRPgmA1fhC0I0QyFLEcjvtM2239QzKr/tcnbsjArLMJxJlu0AA5G7Fft0OI30pHF3MW63Gf4aSSsjc5m82J1Q==",
        "dependencies": {
          "StyleCop.Analyzers.Unstable": "1.2.0.556"
        }
      },
      "Microsoft.Bcl.AsyncInterfaces": {
        "type": "Transitive",
        "resolved": "6.0.0",
        "contentHash": "UcSjPsst+DfAdJGVDsu346FX0ci0ah+lw3WRtn18NUwEqRt70HaOQ7lI72vy3+1LxtqI3T5GWwV39rQSrCzAeg=="
      },
      "Microsoft.Build.Tasks.Git": {
        "type": "Transitive",
        "resolved": "1.1.1",
        "contentHash": "AT3HlgTjsqHnWpBHSNeR0KxbLZD7bztlZVj7I8vgeYG9SYqbeFGh0TM/KVtC6fg53nrWHl3VfZFvb5BiQFcY6Q=="
      },
      "Microsoft.SourceLink.Common": {
        "type": "Transitive",
        "resolved": "1.1.1",
        "contentHash": "WMcGpWKrmJmzrNeuaEb23bEMnbtR/vLmvZtkAP5qWu7vQsY59GqfRJd65sFpBszbd2k/bQ8cs8eWawQKAabkVg=="
      },
      "morelinq": {
        "type": "Transitive",
        "resolved": "3.4.2",
        "contentHash": "nKdpt7Ai+xQO8PZ0YFTn13INGJcKO0Nx65kO/ut0zaDirRo6d7atedmW2l68YB3x7U4pOqTLdMfYsBys8KxA1Q=="
      },
      "StyleCop.Analyzers.Unstable": {
        "type": "Transitive",
        "resolved": "1.2.0.556",
        "contentHash": "zvn9Mqs/ox/83cpYPignI8hJEM2A93s2HkHs8HYMOAQW0PkampyoErAiIyKxgTLqbbad29HX/shv/6LGSjPJNQ=="
      },
      "System.Linq.Async": {
        "type": "Transitive",
        "resolved": "6.0.1",
        "contentHash": "0YhHcaroWpQ9UCot3Pizah7ryAzQhNvobLMSxeDIGmnXfkQn8u5owvpOH0K6EVB+z9L7u6Cc4W17Br/+jyttEQ==",
        "dependencies": {
          "Microsoft.Bcl.AsyncInterfaces": "6.0.0"
        }
      },
      "OnionSeed.Utilities": {
        "type": "Project",
        "dependencies": {
          "System.Linq.Async": "[6.0.1, )",
          "morelinq": "[3.4.2, )"
        }
      }
    }
  }
}